
Microsoft Visual Studio Solution File, Format Version 12.00
# Visual Studio Version 17
VisualStudioVersion = 17.3.32929.385
MinimumVisualStudioVersion = 10.0.40219.1
Project("{FAE04EC0-301F-11D3-BF4B-00C04F79EFBC}") = "CarvillaMVC", "CarvillaMVC\CarvillaMVC.csproj", "{E176D1E5-27B2-49B8-BB29-DBF22A839E9A}"
EndProject
Global
	GlobalSection(SolutionConfigurationPlatforms) = preSolution
		Debug|Any CPU = Debug|Any CPU
		Release|Any CPU = Release|Any CPU
	EndGlobalSection
	GlobalSection(ProjectConfigurationPlatforms) = postSolution
		{E176D1E5-27B2-49B8-BB29-DBF22A839E9A}.Debug|Any CPU.ActiveCfg = Debug|Any CPU
		{E176D1E5-27B2-49B8-BB29-DBF22A839E9A}.Debug|Any CPU.Build.0 = Debug|Any CPU
		{E176D1E5-27B2-49B8-BB29-DBF22A839E9A}.Release|Any CPU.ActiveCfg = Release|Any CPU
		{E176D1E5-27B2-49B8-BB29-DBF22A839E9A}.Release|Any CPU.Build.0 = Release|Any CPU
	EndGlobalSection
	GlobalSection(SolutionProperties) = preSolution
		HideSolutionNode = FALSE
	EndGlobalSection
	GlobalSection(ExtensibilityGlobals) = postSolution
		SolutionGuid = {0DD8ADC6-7B06-4982-ACF5-B58F2968F9D6}
	EndGlobalSection
EndGlobal
